
Microsoft Visual Studio Solution File, Format Version 12.00
# Visual Studio Version 17
VisualStudioVersion = 17.5.33627.172
MinimumVisualStudioVersion = 10.0.40219.1
Project("{9A19103F-16F7-4668-BE54-9A1E7A4F7556}") = "DonationTracker", "DonationTracker\DonationTracker.csproj", "{D3946833-90FA-4FFC-82DC-B50605C28B11}"
EndProject
Project("{FAE04EC0-301F-11D3-BF4B-00C04F79EFBC}") = "DonationTrackerTests", "DonationTrackerTests\DonationTrackerTests.csproj", "{26939A43-89EE-4CA0-96C9-DC1A4D0D0156}"
EndProject
Global
	GlobalSection(SolutionConfigurationPlatforms) = preSolution
		Debug|Any CPU = Debug|Any CPU
		Release|Any CPU = Release|Any CPU
	EndGlobalSection
	GlobalSection(ProjectConfigurationPlatforms) = postSolution
		{D3946833-90FA-4FFC-82DC-B50605C28B11}.Debug|Any CPU.ActiveCfg = Debug|Any CPU
		{D3946833-90FA-4FFC-82DC-B50605C28B11}.Debug|Any CPU.Build.0 = Debug|Any CPU
		{D3946833-90FA-4FFC-82DC-B50605C28B11}.Release|Any CPU.ActiveCfg = Release|Any CPU
		{D3946833-90FA-4FFC-82DC-B50605C28B11}.Release|Any CPU.Build.0 = Release|Any CPU
		{26939A43-89EE-4CA0-96C9-DC1A4D0D0156}.Debug|Any CPU.ActiveCfg = Debug|Any CPU
		{26939A43-89EE-4CA0-96C9-DC1A4D0D0156}.Debug|Any CPU.Build.0 = Debug|Any CPU
		{26939A43-89EE-4CA0-96C9-DC1A4D0D0156}.Release|Any CPU.ActiveCfg = Release|Any CPU
		{26939A43-89EE-4CA0-96C9-DC1A4D0D0156}.Release|Any CPU.Build.0 = Release|Any CPU
	EndGlobalSection
	GlobalSection(SolutionProperties) = preSolution
		HideSolutionNode = FALSE
	EndGlobalSection
	GlobalSection(ExtensibilityGlobals) = postSolution
		SolutionGuid = {15627CDA-8FE6-4CAE-B7CC-E6396BD2D910}
	EndGlobalSection
EndGlobal
